# @generated - this file is auto-generated by `mise lock` https://mise.en.dev/dev-tools/mise-lock.html

[[tools.tinymist]]
version = "0.15.0"
backend = "aqua:Myriad-Dreamin/tinymist"

[tools.tinymist."platforms.linux-arm64"]
checksum = "sha256:d460a0a91d1f321b2e551753a16b5eaefb21ff8c6649e0b8087ec43046b98df1"
url = "https://github.com/Myriad-Dreamin/tinymist/releases/download/v0.15.0/tinymist-linux-arm64"

[tools.tinymist."platforms.linux-arm64-musl"]
checksum = "sha256:d460a0a91d1f321b2e551753a16b5eaefb21ff8c6649e0b8087ec43046b98df1"
url = "https://github.com/Myriad-Dreamin/tinymist/releases/download/v0.15.0/tinymist-linux-arm64"

[tools.tinymist."platforms.linux-x64"]
checksum = "sha256:ae0a308eab87fbd31cd09e5941e53beea1d17059358231c24a4c20431f326680"
url = "https://github.com/Myriad-Dreamin/tinymist/releases/download/v0.15.0/tinymist-linux-x64"

[tools.tinymist."platforms.linux-x64-musl"]
checksum = "sha256:ae0a308eab87fbd31cd09e5941e53beea1d17059358231c24a4c20431f326680"
url = "https://github.com/Myriad-Dreamin/tinymist/releases/download/v0.15.0/tinymist-linux-x64"

[tools.tinymist."platforms.macos-arm64"]
checksum = "sha256:0b3f41b19d520c0d64951836adf295af3db2a79d35cc5a013e1f8451c135d501"
url = "https://github.com/Myriad-Dreamin/tinymist/releases/download/v0.15.0/tinymist-darwin-arm64"

[tools.tinymist."platforms.macos-x64"]
checksum = "sha256:f1133a9900f220c68e26a69d2fc3fab720f85b434e6b45ba6b8c388b594bb458"
url = "https://github.com/Myriad-Dreamin/tinymist/releases/download/v0.15.0/tinymist-darwin-x64"

[tools.tinymist."platforms.windows-x64"]
checksum = "sha256:71d3642ed9002a3b1d7862b26c1811c75c43094791d1a74e438939992bce725a"
url = "https://github.com/Myriad-Dreamin/tinymist/releases/download/v0.15.0/tinymist-win32-x64.exe"

[[tools.typst]]
version = "0.15.0"
backend = "aqua:typst/typst"

[tools.typst."platforms.linux-arm64"]
checksum = "sha256:cdf50ffc7b8ba759ed02200632eda3d78eb8b99aacb6611f4f75684990647620"
url = "https://github.com/typst/typst/releases/download/v0.15.0/typst-aarch64-unknown-linux-musl.tar.xz"

[tools.typst."platforms.linux-arm64-musl"]
checksum = "sha256:cdf50ffc7b8ba759ed02200632eda3d78eb8b99aacb6611f4f75684990647620"
url = "https://github.com/typst/typst/releases/download/v0.15.0/typst-aarch64-unknown-linux-musl.tar.xz"

[tools.typst."platforms.linux-x64"]
checksum = "sha256:59b207df01be2dab9f13e80f73d04d7ff8273ffd46b3dd1b9eef5c60f3eeabea"
url = "https://github.com/typst/typst/releases/download/v0.15.0/typst-x86_64-unknown-linux-musl.tar.xz"

[tools.typst."platforms.linux-x64-musl"]
checksum = "sha256:59b207df01be2dab9f13e80f73d04d7ff8273ffd46b3dd1b9eef5c60f3eeabea"
url = "https://github.com/typst/typst/releases/download/v0.15.0/typst-x86_64-unknown-linux-musl.tar.xz"

[tools.typst."platforms.macos-arm64"]
checksum = "sha256:fe53838737abf93a774495952a1a797b4686e9c4a21c2d99b9fdf77f46cc3572"
url = "https://github.com/typst/typst/releases/download/v0.15.0/typst-aarch64-apple-darwin.tar.xz"

[tools.typst."platforms.macos-x64"]
checksum = "sha256:30210c7c539c7954db94c063cd98b43fd0a0cad285d656dbbce2a40aee2e79be"
url = "https://github.com/typst/typst/releases/download/v0.15.0/typst-x86_64-apple-darwin.tar.xz"

[tools.typst."platforms.windows-x64"]
checksum = "sha256:66ae7f0907b4b9afed5c7d6cb9b21e07f0f3c3d4e293ba3e0026a54d88202fe9"
url = "https://github.com/typst/typst/releases/download/v0.15.0/typst-x86_64-pc-windows-msvc.zip"

[[tools.typstyle]]
version = "0.14.4"
backend = "aqua:Enter-tainer/typstyle"

[tools.typstyle."platforms.linux-arm64"]
checksum = "sha256:b8c220c0d940d7690fb15ef10415de35fdc115465a7534d8102459c68aeec74d"
url = "https://github.com/typstyle-rs/typstyle/releases/download/v0.14.4/typstyle-aarch64-unknown-linux-gnu"

[tools.typstyle."platforms.linux-x64"]
checksum = "sha256:48d9a9a3885855f1b4f6c2b8ea9739623bc458b99c015b77c4f50a1f342ea091"
url = "https://github.com/typstyle-rs/typstyle/releases/download/v0.14.4/typstyle-x86_64-unknown-linux-musl"

[tools.typstyle."platforms.linux-x64-musl"]
checksum = "sha256:48d9a9a3885855f1b4f6c2b8ea9739623bc458b99c015b77c4f50a1f342ea091"
url = "https://github.com/typstyle-rs/typstyle/releases/download/v0.14.4/typstyle-x86_64-unknown-linux-musl"

[tools.typstyle."platforms.macos-arm64"]
checksum = "sha256:dda3a162f2457a40570c3552cc9c01004138b33f2f921112b117d72f48bd6d56"
url = "https://github.com/typstyle-rs/typstyle/releases/download/v0.14.4/typstyle-aarch64-apple-darwin"

[tools.typstyle."platforms.macos-x64"]
checksum = "sha256:2343f7a4801d9bbda5d7441e8fea95f98b590d6aa3083da5c4e4ca3de885350f"
url = "https://github.com/typstyle-rs/typstyle/releases/download/v0.14.4/typstyle-x86_64-apple-darwin"

[tools.typstyle."platforms.windows-x64"]
checksum = "sha256:b16aebaed0aa296ef3e055d611f1e917f5849d3eb0f953bbcaa6f09f0503fb5b"
url = "https://github.com/typstyle-rs/typstyle/releases/download/v0.14.4/typstyle-x86_64-pc-windows-msvc.exe"
